
Microsoft Visual Studio Solution File, Format Version 12.00
# Visual Studio Version 16
VisualStudioVersion = 16.0.31129.286
MinimumVisualStudioVersion = 10.0.40219.1
Project("{888888A0-9F3D-457C-B088-3A5042F75D52}") = "CrowBuddy", "CrowBuddy\CrowBuddy.pyproj", "{61B7DD83-09EB-4CE0-B268-CC32A97050C8}"
EndProject
Global
	GlobalSection(SolutionConfigurationPlatforms) = preSolution
		Debug|Any CPU = Debug|Any CPU
		Release|Any CPU = Release|Any CPU
	EndGlobalSection
	GlobalSection(ProjectConfigurationPlatforms) = postSolution
		{61B7DD83-09EB-4CE0-B268-CC32A97050C8}.Debug|Any CPU.ActiveCfg = Debug|Any CPU
		{61B7DD83-09EB-4CE0-B268-CC32A97050C8}.Release|Any CPU.ActiveCfg = Release|Any CPU
	EndGlobalSection
	GlobalSection(SolutionProperties) = preSolution
		HideSolutionNode = FALSE
	EndGlobalSection
	GlobalSection(ExtensibilityGlobals) = postSolution
		SolutionGuid = {105F7265-9CE6-4EB1-9CD2-8D3B745D5E94}
	EndGlobalSection
EndGlobal
